
Microsoft Visual Studio Solution File, Format Version 12.00
# Visual Studio Version 17
VisualStudioVersion = 17.5.33530.505
MinimumVisualStudioVersion = 10.0.40219.1
Project("{FAE04EC0-301F-11D3-BF4B-00C04F79EFBC}") = "WebApplication5", "WebApplication5\WebApplication5.csproj", "{27C6637F-5F32-4C46-873A-972C096A8CFC}"
EndProject
Global
	GlobalSection(SolutionConfigurationPlatforms) = preSolution
		Debug|Any CPU = Debug|Any CPU
		Release|Any CPU = Release|Any CPU
	EndGlobalSection
	GlobalSection(ProjectConfigurationPlatforms) = postSolution
		{27C6637F-5F32-4C46-873A-972C096A8CFC}.Debug|Any CPU.ActiveCfg = Debug|Any CPU
		{27C6637F-5F32-4C46-873A-972C096A8CFC}.Debug|Any CPU.Build.0 = Debug|Any CPU
		{27C6637F-5F32-4C46-873A-972C096A8CFC}.Release|Any CPU.ActiveCfg = Release|Any CPU
		{27C6637F-5F32-4C46-873A-972C096A8CFC}.Release|Any CPU.Build.0 = Release|Any CPU
	EndGlobalSection
	GlobalSection(SolutionProperties) = preSolution
		HideSolutionNode = FALSE
	EndGlobalSection
	GlobalSection(ExtensibilityGlobals) = postSolution
		SolutionGuid = {A34EA535-61CC-4401-B13D-66401F05AEF7}
	EndGlobalSection
EndGlobal
